// !$*UTF8*$!
{
	archiveVersion = 1;
	classes = {
	};
	objectVersion = 55;
	objects = {

/* Begin PBXBuildFile section */
		B911BB2F28BC84BE000EECD8 /* AppDelegate.swift in Sources */ = {isa = PBXBuildFile; fileRef = B911BB2E28BC84BE000EECD8 /* AppDelegate.swift */; };
		B911BB3128BC84BE000EECD8 /* SceneDelegate.swift in Sources */ = {isa = PBXBuildFile; fileRef = B911BB3028BC84BE000EECD8 /* SceneDelegate.swift */; };
		B911BB3328BC84BE000EECD8 /* ViewController.swift in Sources */ = {isa = PBXBuildFile; fileRef = B911BB3228BC84BE000EECD8 /* ViewController.swift */; };
		B911BB3628BC84BE000EECD8 /* Main.storyboard in Resources */ = {isa = PBXBuildFile; fileRef = B911BB3428BC84BE000EECD8 /* Main.storyboard */; };
		B911BB3828BC84C0000EECD8 /* Assets.xcassets in Resources */ = {isa = PBXBuildFile; fileRef = B911BB3728BC84C0000EECD8 /* Assets.xcassets */; };
		B911BB3B28BC84C0000EECD8 /* LaunchScreen.storyboard in Resources */ = {isa = PBXBuildFile; fileRef = B911BB3928BC84C0000EECD8 /* LaunchScreen.storyboard */; };
		B911BB4428BC8811000EECD8 /* Storage.swift in Sources */ = {isa = PBXBuildFile; fileRef = B911BB4328BC8811000EECD8 /* Storage.swift */; };
		B911BB4728BCAA10000EECD8 /* CALayer+.swift in Sources */ = {isa = PBXBuildFile; fileRef = B911BB4628BCAA10000EECD8 /* CALayer+.swift */; };
		B911BB4A28BDDE1D000EECD8 /* Unit.swift in Sources */ = {isa = PBXBuildFile; fileRef = B911BB4928BDDE1D000EECD8 /* Unit.swift */; };
		B911BB4E28BDF819000EECD8 /* CameraViewController.swift in Sources */ = {isa = PBXBuildFile; fileRef = B911BB4D28BDF819000EECD8 /* CameraViewController.swift */; };
		B911BB5028BE00C3000EECD8 /* SelectViewController.swift in Sources */ = {isa = PBXBuildFile; fileRef = B911BB4F28BE00C3000EECD8 /* SelectViewController.swift */; };
		B911BB5528BFD315000EECD8 /* ResultTableViewCell.swift in Sources */ = {isa = PBXBuildFile; fileRef = B911BB5428BFD315000EECD8 /* ResultTableViewCell.swift */; };
		B911BB5728C0A028000EECD8 /* CalculateViewController.swift in Sources */ = {isa = PBXBuildFile; fileRef = B911BB5628C0A028000EECD8 /* CalculateViewController.swift */; };
		B983205F28D73B77003AFEF0 /* Onboarding.storyboard in Resources */ = {isa = PBXBuildFile; fileRef = B983205E28D73B77003AFEF0 /* Onboarding.storyboard */; };
		B983206628D76377003AFEF0 /* OnboardingExchangeViewController.swift in Sources */ = {isa = PBXBuildFile; fileRef = B983206528D76377003AFEF0 /* OnboardingExchangeViewController.swift */; };
		B983206828D76389003AFEF0 /* OnboardingPicViewController.swift in Sources */ = {isa = PBXBuildFile; fileRef = B983206728D76389003AFEF0 /* OnboardingPicViewController.swift */; };
		B983206A28D7639B003AFEF0 /* OnboardingResultViewController.swift in Sources */ = {isa = PBXBuildFile; fileRef = B983206928D7639B003AFEF0 /* OnboardingResultViewController.swift */; };
/* End PBXBuildFile section */

/* Begin PBXFileReference section */
		B911BB2B28BC84BE000EECD8 /* HowExchange.app */ = {isa = PBXFileReference; explicitFileType = wrapper.application; includeInIndex = 0; path = HowExchange.app; sourceTree = BUILT_PRODUCTS_DIR; };
		B911BB2E28BC84BE000EECD8 /* AppDelegate.swift */ = {isa = PBXFileReference; lastKnownFileType = sourcecode.swift; path = AppDelegate.swift; sourceTree = "<group>"; };
		B911BB3028BC84BE000EECD8 /* SceneDelegate.swift */ = {isa = PBXFileReference; lastKnownFileType = sourcecode.swift; path = SceneDelegate.swift; sourceTree = "<group>"; };
		B911BB3228BC84BE000EECD8 /* ViewController.swift */ = {isa = PBXFileReference; lastKnownFileType = sourcecode.swift; path = ViewController.swift; sourceTree = "<group>"; };
		B911BB3528BC84BE000EECD8 /* Base */ = {isa = PBXFileReference; lastKnownFileType = file.storyboard; name = Base; path = Base.lproj/Main.storyboard; sourceTree = "<group>"; };
		B911BB3728BC84C0000EECD8 /* Assets.xcassets */ = {isa = PBXFileReference; lastKnownFileType = folder.assetcatalog; path = Assets.xcassets; sourceTree = "<group>"; };
		B911BB3A28BC84C0000EECD8 /* Base */ = {isa = PBXFileReference; lastKnownFileType = file.storyboard; name = Base; path = Base.lproj/LaunchScreen.storyboard; sourceTree = "<group>"; };
		B911BB3C28BC84C0000EECD8 /* Info.plist */ = {isa = PBXFileReference; lastKnownFileType = text.plist.xml; path = Info.plist; sourceTree = "<group>"; };
		B911BB4328BC8811000EECD8 /* Storage.swift */ = {isa = PBXFileReference; lastKnownFileType = sourcecode.swift; path = Storage.swift; sourceTree = "<group>"; };
		B911BB4628BCAA10000EECD8 /* CALayer+.swift */ = {isa = PBXFileReference; lastKnownFileType = sourcecode.swift; path = "CALayer+.swift"; sourceTree = "<group>"; };
		B911BB4928BDDE1D000EECD8 /* Unit.swift */ = {isa = PBXFileReference; lastKnownFileType = sourcecode.swift; path = Unit.swift; sourceTree = "<group>"; };
		B911BB4D28BDF819000EECD8 /* CameraViewController.swift */ = {isa = PBXFileReference; lastKnownFileType = sourcecode.swift; path = CameraViewController.swift; sourceTree = "<group>"; };
		B911BB4F28BE00C3000EECD8 /* SelectViewController.swift */ = {isa = PBXFileReference; lastKnownFileType = sourcecode.swift; path = SelectViewController.swift; sourceTree = "<group>"; };
		B911BB5428BFD315000EECD8 /* ResultTableViewCell.swift */ = {isa = PBXFileReference; lastKnownFileType = sourcecode.swift; path = ResultTableViewCell.swift; sourceTree = "<group>"; };
		B911BB5628C0A028000EECD8 /* CalculateViewController.swift */ = {isa = PBXFileReference; lastKnownFileType = sourcecode.swift; path = CalculateViewController.swift; sourceTree = "<group>"; };
		B983205E28D73B77003AFEF0 /* Onboarding.storyboard */ = {isa = PBXFileReference; lastKnownFileType = file.storyboard; path = Onboarding.storyboard; sourceTree = "<group>"; };
		B983206528D76377003AFEF0 /* OnboardingExchangeViewController.swift */ = {isa = PBXFileReference; lastKnownFileType = sourcecode.swift; path = OnboardingExchangeViewController.swift; sourceTree = "<group>"; };
		B983206728D76389003AFEF0 /* OnboardingPicViewController.swift */ = {isa = PBXFileReference; lastKnownFileType = sourcecode.swift; path = OnboardingPicViewController.swift; sourceTree = "<group>"; };
		B983206928D7639B003AFEF0 /* OnboardingResultViewController.swift */ = {isa = PBXFileReference; lastKnownFileType = sourcecode.swift; path = OnboardingResultViewController.swift; sourceTree = "<group>"; };
/* End PBXFileReference section */

/* Begin PBXFrameworksBuildPhase section */
		B911BB2828BC84BE000EECD8 /* Frameworks */ = {
			isa = PBXFrameworksBuildPhase;
			buildActionMask = 2147483647;
			files = (
			);
			runOnlyForDeploymentPostprocessing = 0;
		};
/* End PBXFrameworksBuildPhase section */

/* Begin PBXGroup section */
		B911BB2228BC84BE000EECD8 = {
			isa = PBXGroup;
			children = (
				B911BB2D28BC84BE000EECD8 /* HowExchange */,
				B911BB2C28BC84BE000EECD8 /* Products */,
			);
			sourceTree = "<group>";
		};
		B911BB2C28BC84BE000EECD8 /* Products */ = {
			isa = PBXGroup;
			children = (
				B911BB2B28BC84BE000EECD8 /* HowExchange.app */,
			);
			name = Products;
			sourceTree = "<group>";
		};
		B911BB2D28BC84BE000EECD8 /* HowExchange */ = {
			isa = PBXGroup;
			children = (
				B983205D28D73B55003AFEF0 /* Storyboard */,
				B911BB5328BFD2E8000EECD8 /* Cell */,
				B911BB4C28BDF7C0000EECD8 /* Contoller */,
				B911BB4828BDDE08000EECD8 /* Model */,
				B911BB4528BCA9DA000EECD8 /* Extension */,
				B911BB4228BC87CC000EECD8 /* Service */,
				B911BB2E28BC84BE000EECD8 /* AppDelegate.swift */,
				B911BB3028BC84BE000EECD8 /* SceneDelegate.swift */,
				B911BB3228BC84BE000EECD8 /* ViewController.swift */,
				B911BB3428BC84BE000EECD8 /* Main.storyboard */,
				B911BB3728BC84C0000EECD8 /* Assets.xcassets */,
				B911BB3928BC84C0000EECD8 /* LaunchScreen.storyboard */,
				B911BB3C28BC84C0000EECD8 /* Info.plist */,
			);
			path = HowExchange;
			sourceTree = "<group>";
		};
		B911BB4228BC87CC000EECD8 /* Service */ = {
			isa = PBXGroup;
			children = (
				B911BB4328BC8811000EECD8 /* Storage.swift */,
			);
			path = Service;
			sourceTree = "<group>";
		};
		B911BB4528BCA9DA000EECD8 /* Extension */ = {
			isa = PBXGroup;
			children = (
				B911BB4628BCAA10000EECD8 /* CALayer+.swift */,
			);
			path = Extension;
			sourceTree = "<group>";
		};
		B911BB4828BDDE08000EECD8 /* Model */ = {
			isa = PBXGroup;
			children = (
				B911BB4928BDDE1D000EECD8 /* Unit.swift */,
			);
			path = Model;
			sourceTree = "<group>";
		};
		B911BB4C28BDF7C0000EECD8 /* Contoller */ = {
			isa = PBXGroup;
			children = (
				B983206028D762DF003AFEF0 /* Onboarding */,
				B911BB4D28BDF819000EECD8 /* CameraViewController.swift */,
				B911BB4F28BE00C3000EECD8 /* SelectViewController.swift */,
				B911BB5628C0A028000EECD8 /* CalculateViewController.swift */,
			);
			path = Contoller;
			sourceTree = "<group>";
		};
		B911BB5328BFD2E8000EECD8 /* Cell */ = {
			isa = PBXGroup;
			children = (
				B911BB5428BFD315000EECD8 /* ResultTableViewCell.swift */,
			);
			path = Cell;
			sourceTree = "<group>";
		};
		B983205D28D73B55003AFEF0 /* Storyboard */ = {
			isa = PBXGroup;
			children = (
				B983205E28D73B77003AFEF0 /* Onboarding.storyboard */,
			);
			path = Storyboard;
			sourceTree = "<group>";
		};
		B983206028D762DF003AFEF0 /* Onboarding */ = {
			isa = PBXGroup;
			children = (
				B983206528D76377003AFEF0 /* OnboardingExchangeViewController.swift */,
				B983206728D76389003AFEF0 /* OnboardingPicViewController.swift */,
				B983206928D7639B003AFEF0 /* OnboardingResultViewController.swift */,
			);
			path = Onboarding;
			sourceTree = "<group>";
		};
/* End PBXGroup section */

/* Begin PBXNativeTarget section */
		B911BB2A28BC84BE000EECD8 /* HowExchange */ = {
			isa = PBXNativeTarget;
			buildConfigurationList = B911BB3F28BC84C0000EECD8 /* Build configuration list for PBXNativeTarget "HowExchange" */;
			buildPhases = (
				B911BB2728BC84BE000EECD8 /* Sources */,
				B911BB2828BC84BE000EECD8 /* Frameworks */,
				B911BB2928BC84BE000EECD8 /* Resources */,
			);
			buildRules = (
			);
			dependencies = (
			);
			name = HowExchange;
			productName = HowExchange;
			productReference = B911BB2B28BC84BE000EECD8 /* HowExchange.app */;
			productType = "com.apple.product-type.application";
		};
/* End PBXNativeTarget section */

/* Begin PBXProject section */
		B911BB2328BC84BE000EECD8 /* Project object */ = {
			isa = PBXProject;
			attributes = {
				BuildIndependentTargetsInParallel = 1;
				LastSwiftUpdateCheck = 1340;
				LastUpgradeCheck = 1340;
				TargetAttributes = {
					B911BB2A28BC84BE000EECD8 = {
						CreatedOnToolsVersion = 13.4.1;
					};
				};
			};
			buildConfigurationList = B911BB2628BC84BE000EECD8 /* Build configuration list for PBXProject "HowExchange" */;
			compatibilityVersion = "Xcode 13.0";
			developmentRegion = en;
			hasScannedForEncodings = 0;
			knownRegions = (
				en,
				Base,
			);
			mainGroup = B911BB2228BC84BE000EECD8;
			productRefGroup = B911BB2C28BC84BE000EECD8 /* Products */;
			projectDirPath = "";
			projectRoot = "";
			targets = (
				B911BB2A28BC84BE000EECD8 /* HowExchange */,
			);
		};
/* End PBXProject section */

/* Begin PBXResourcesBuildPhase section */
		B911BB2928BC84BE000EECD8 /* Resources */ = {
			isa = PBXResourcesBuildPhase;
			buildActionMask = 2147483647;
			files = (
				B911BB3B28BC84C0000EECD8 /* LaunchScreen.storyboard in Resources */,
				B911BB3828BC84C0000EECD8 /* Assets.xcassets in Resources */,
				B911BB3628BC84BE000EECD8 /* Main.storyboard in Resources */,
				B983205F28D73B77003AFEF0 /* Onboarding.storyboard in Resources */,
			);
			runOnlyForDeploymentPostprocessing = 0;
		};
/* End PBXResourcesBuildPhase section */

/* Begin PBXSourcesBuildPhase section */
		B911BB2728BC84BE000EECD8 /* Sources */ = {
			isa = PBXSourcesBuildPhase;
			buildActionMask = 2147483647;
			files = (
				B911BB3328BC84BE000EECD8 /* ViewController.swift in Sources */,
				B911BB4428BC8811000EECD8 /* Storage.swift in Sources */,
				B983206828D76389003AFEF0 /* OnboardingPicViewController.swift in Sources */,
				B911BB2F28BC84BE000EECD8 /* AppDelegate.swift in Sources */,
				B911BB5728C0A028000EECD8 /* CalculateViewController.swift in Sources */,
				B911BB4A28BDDE1D000EECD8 /* Unit.swift in Sources */,
				B911BB5028BE00C3000EECD8 /* SelectViewController.swift in Sources */,
				B983206628D76377003AFEF0 /* OnboardingExchangeViewController.swift in Sources */,
				B911BB4E28BDF819000EECD8 /* CameraViewController.swift in Sources */,
				B911BB3128BC84BE000EECD8 /* SceneDelegate.swift in Sources */,
				B911BB4728BCAA10000EECD8 /* CALayer+.swift in Sources */,
				B983206A28D7639B003AFEF0 /* OnboardingResultViewController.swift in Sources */,
				B911BB5528BFD315000EECD8 /* ResultTableViewCell.swift in Sources */,
			);
			runOnlyForDeploymentPostprocessing = 0;
		};
/* End PBXSourcesBuildPhase section */

/* Begin PBXVariantGroup section */
		B911BB3428BC84BE000EECD8 /* Main.storyboard */ = {
			isa = PBXVariantGroup;
			children = (
				B911BB3528BC84BE000EECD8 /* Base */,
			);
			name = Main.storyboard;
			sourceTree = "<group>";
		};
		B911BB3928BC84C0000EECD8 /* LaunchScreen.storyboard */ = {
			isa = PBXVariantGroup;
			children = (
				B911BB3A28BC84C0000EECD8 /* Base */,
			);
			name = LaunchScreen.storyboard;
			sourceTree = "<group>";
		};
/* End PBXVariantGroup section */

/* Begin XCBuildConfiguration section */
		B911BB3D28BC84C0000EECD8 /* Debug */ = {
			isa = XCBuildConfiguration;
			buildSettings = {
				ALWAYS_SEARCH_USER_PATHS = NO;
				CLANG_ANALYZER_NONNULL = YES;
				CLANG_ANALYZER_NUMBER_OBJECT_CONVERSION = YES_AGGRESSIVE;
				CLANG_CXX_LANGUAGE_STANDARD = "gnu++17";
				CLANG_ENABLE_MODULES = YES;
				CLANG_ENABLE_OBJC_ARC = YES;
				CLANG_ENABLE_OBJC_WEAK = YES;
				CLANG_WARN_BLOCK_CAPTURE_AUTORELEASING = YES;
				CLANG_WARN_BOOL_CONVERSION = YES;
				CLANG_WARN_COMMA = YES;
				CLANG_WARN_CONSTANT_CONVERSION = YES;
				CLANG_WARN_DEPRECATED_OBJC_IMPLEMENTATIONS = YES;
				CLANG_WARN_DIRECT_OBJC_ISA_USAGE = YES_ERROR;
				CLANG_WARN_DOCUMENTATION_COMMENTS = YES;
				CLANG_WARN_EMPTY_BODY = YES;
				CLANG_WARN_ENUM_CONVERSION = YES;
				CLANG_WARN_INFINITE_RECURSION = YES;
				CLANG_WARN_INT_CONVERSION = YES;
				CLANG_WARN_NON_LITERAL_NULL_CONVERSION = YES;
				CLANG_WARN_OBJC_IMPLICIT_RETAIN_SELF = YES;
				CLANG_WARN_OBJC_LITERAL_CONVERSION = YES;
				CLANG_WARN_OBJC_ROOT_CLASS = YES_ERROR;
				CLANG_WARN_QUOTED_INCLUDE_IN_FRAMEWORK_HEADER = YES;
				CLANG_WARN_RANGE_LOOP_ANALYSIS = YES;
				CLANG_WARN_STRICT_PROTOTYPES = YES;
				CLANG_WARN_SUSPICIOUS_MOVE = YES;
				CLANG_WARN_UNGUARDED_AVAILABILITY = YES_AGGRESSIVE;
				CLANG_WARN_UNREACHABLE_CODE = YES;
				CLANG_WARN__DUPLICATE_METHOD_MATCH = YES;
				COPY_PHASE_STRIP = NO;
				DEBUG_INFORMATION_FORMAT = dwarf;
				ENABLE_STRICT_OBJC_MSGSEND = YES;
				ENABLE_TESTABILITY = YES;
				GCC_C_LANGUAGE_STANDARD = gnu11;
				GCC_DYNAMIC_NO_PIC = NO;
				GCC_NO_COMMON_BLOCKS = YES;
				GCC_OPTIMIZATION_LEVEL = 0;
				GCC_PREPROCESSOR_DEFINITIONS = (
					"DEBUG=1",
					"$(inherited)",
				);
				GCC_WARN_64_TO_32_BIT_CONVERSION = YES;
				GCC_WARN_ABOUT_RETURN_TYPE = YES_ERROR;
				GCC_WARN_UNDECLARED_SELECTOR = YES;
				GCC_WARN_UNINITIALIZED_AUTOS = YES_AGGRESSIVE;
				GCC_WARN_UNUSED_FUNCTION = YES;
				GCC_WARN_UNUSED_VARIABLE = YES;
				IPHONEOS_DEPLOYMENT_TARGET = 15.4;
				MTL_ENABLE_DEBUG_INFO = INCLUDE_SOURCE;
				MTL_FAST_MATH = YES;
				ONLY_ACTIVE_ARCH = YES;
				SDKROOT = iphoneos;
				SWIFT_ACTIVE_COMPILATION_CONDITIONS = DEBUG;
				SWIFT_OPTIMIZATION_LEVEL = "-Onone";
			};
			name = Debug;
		};
		B911BB3E28BC84C0000EECD8 /* Release */ = {
			isa = XCBuildConfiguration;
			buildSettings = {
				ALWAYS_SEARCH_USER_PATHS = NO;
				CLANG_ANALYZER_NONNULL = YES;
				CLANG_ANALYZER_NUMBER_OBJECT_CONVERSION = YES_AGGRESSIVE;
				CLANG_CXX_LANGUAGE_STANDARD = "gnu++17";
				CLANG_ENABLE_MODULES = YES;
				CLANG_ENABLE_OBJC_ARC = YES;
				CLANG_ENABLE_OBJC_WEAK = YES;
				CLANG_WARN_BLOCK_CAPTURE_AUTORELEASING = YES;
				CLANG_WARN_BOOL_CONVERSION = YES;
				CLANG_WARN_COMMA = YES;
				CLANG_WARN_CONSTANT_CONVERSION = YES;
				CLANG_WARN_DEPRECATED_OBJC_IMPLEMENTATIONS = YES;
				CLANG_WARN_DIRECT_OBJC_ISA_USAGE = YES_ERROR;
				CLANG_WARN_DOCUMENTATION_COMMENTS = YES;
				CLANG_WARN_EMPTY_BODY = YES;
				CLANG_WARN_ENUM_CONVERSION = YES;
				CLANG_WARN_INFINITE_RECURSION = YES;
				CLANG_WARN_INT_CONVERSION = YES;
				CLANG_WARN_NON_LITERAL_NULL_CONVERSION = YES;
				CLANG_WARN_OBJC_IMPLICIT_RETAIN_SELF = YES;
				CLANG_WARN_OBJC_LITERAL_CONVERSION = YES;
				CLANG_WARN_OBJC_ROOT_CLASS = YES_ERROR;
				CLANG_WARN_QUOTED_INCLUDE_IN_FRAMEWORK_HEADER = YES;
				CLANG_WARN_RANGE_LOOP_ANALYSIS = YES;
				CLANG_WARN_STRICT_PROTOTYPES = YES;
				CLANG_WARN_SUSPICIOUS_MOVE = YES;
				CLANG_WARN_UNGUARDED_AVAILABILITY = YES_AGGRESSIVE;
				CLANG_WARN_UNREACHABLE_CODE = YES;
				CLANG_WARN__DUPLICATE_METHOD_MATCH = YES;
				COPY_PHASE_STRIP = NO;
				DEBUG_INFORMATION_FORMAT = "dwarf-with-dsym";
				ENABLE_NS_ASSERTIONS = NO;
				ENABLE_STRICT_OBJC_MSGSEND = YES;
				GCC_C_LANGUAGE_STANDARD = gnu11;
				GCC_NO_COMMON_BLOCKS = YES;
				GCC_WARN_64_TO_32_BIT_CONVERSION = YES;
				GCC_WARN_ABOUT_RETURN_TYPE = YES_ERROR;
				GCC_WARN_UNDECLARED_SELECTOR = YES;
				GCC_WARN_UNINITIALIZED_AUTOS = YES_AGGRESSIVE;
				GCC_WARN_UNUSED_FUNCTION = YES;
				GCC_WARN_UNUSED_VARIABLE = YES;
				IPHONEOS_DEPLOYMENT_TARGET = 15.4;
				MTL_ENABLE_DEBUG_INFO = NO;
				MTL_FAST_MATH = YES;
				SDKROOT = iphoneos;
				SWIFT_COMPILATION_MODE = wholemodule;
				SWIFT_OPTIMIZATION_LEVEL = "-O";
				VALIDATE_PRODUCT = YES;
			};
			name = Release;
		};
		B911BB4028BC84C0000EECD8 /* Debug */ = {
			isa = XCBuildConfiguration;
			buildSettings = {
				ASSETCATALOG_COMPILER_APPICON_NAME = AppIcon;
				ASSETCATALOG_COMPILER_GLOBAL_ACCENT_COLOR_NAME = AccentColor;
				CODE_SIGN_STYLE = Automatic;
				CURRENT_PROJECT_VERSION = 1;
				DEVELOPMENT_TEAM = 3PFDRPLY6N;
				GENERATE_INFOPLIST_FILE = YES;
				INFOPLIST_FILE = HowExchange/Info.plist;
				INFOPLIST_KEY_UIApplicationSupportsIndirectInputEvents = YES;
				INFOPLIST_KEY_UILaunchStoryboardName = LaunchScreen;
				INFOPLIST_KEY_UIMainStoryboardFile = Main;
				INFOPLIST_KEY_UISupportedInterfaceOrientations = UIInterfaceOrientationPortrait;
				INFOPLIST_KEY_UISupportedInterfaceOrientations_iPhone = UIInterfaceOrientationPortrait;
				LD_RUNPATH_SEARCH_PATHS = (
					"$(inherited)",
					"@executable_path/Frameworks",
				);
				MARKETING_VERSION = 1.0;
				PRODUCT_BUNDLE_IDENTIFIER = com.jungjeehouk.HowExchange;
				PRODUCT_NAME = "$(TARGET_NAME)";
				SWIFT_EMIT_LOC_STRINGS = YES;
				SWIFT_VERSION = 5.0;
				TARGETED_DEVICE_FAMILY = 1;
			};
			name = Debug;
		};
		B911BB4128BC84C0000EECD8 /* Release */ = {
			isa = XCBuildConfiguration;
			buildSettings = {
				ASSETCATALOG_COMPILER_APPICON_NAME = AppIcon;
				ASSETCATALOG_COMPILER_GLOBAL_ACCENT_COLOR_NAME = AccentColor;
				CODE_SIGN_STYLE = Automatic;
				CURRENT_PROJECT_VERSION = 1;
				DEVELOPMENT_TEAM = 3PFDRPLY6N;
				GENERATE_INFOPLIST_FILE = YES;
				INFOPLIST_FILE = HowExchange/Info.plist;
				INFOPLIST_KEY_UIApplicationSupportsIndirectInputEvents = YES;
				INFOPLIST_KEY_UILaunchStoryboardName = LaunchScreen;
				INFOPLIST_KEY_UIMainStoryboardFile = Main;
				INFOPLIST_KEY_UISupportedInterfaceOrientations = UIInterfaceOrientationPortrait;
				INFOPLIST_KEY_UISupportedInterfaceOrientations_iPhone = UIInterfaceOrientationPortrait;
				LD_RUNPATH_SEARCH_PATHS = (
					"$(inherited)",
					"@executable_path/Frameworks",
				);
				MARKETING_VERSION = 1.0;
				PRODUCT_BUNDLE_IDENTIFIER = com.jungjeehouk.HowExchange;
				PRODUCT_NAME = "$(TARGET_NAME)";
				SWIFT_EMIT_LOC_STRINGS = YES;
				SWIFT_VERSION = 5.0;
				TARGETED_DEVICE_FAMILY = 1;
			};
			name = Release;
		};
/* End XCBuildConfiguration section */

/* Begin XCConfigurationList section */
		B911BB2628BC84BE000EECD8 /* Build configuration list for PBXProject "HowExchange" */ = {
			isa = XCConfigurationList;
			buildConfigurations = (
				B911BB3D28BC84C0000EECD8 /* Debug */,
				B911BB3E28BC84C0000EECD8 /* Release */,
			);
			defaultConfigurationIsVisible = 0;
			defaultConfigurationName = Release;
		};
		B911BB3F28BC84C0000EECD8 /* Build configuration list for PBXNativeTarget "HowExchange" */ = {
			isa = XCConfigurationList;
			buildConfigurations = (
				B911BB4028BC84C0000EECD8 /* Debug */,
				B911BB4128BC84C0000EECD8 /* Release */,
			);
			defaultConfigurationIsVisible = 0;
			defaultConfigurationName = Release;
		};
/* End XCConfigurationList section */
	};
	rootObject = B911BB2328BC84BE000EECD8 /* Project object */;
}
